
Microsoft Visual Studio Solution File, Format Version 12.00
# Visual Studio Version 17
VisualStudioVersion = 17.4.33122.133
MinimumVisualStudioVersion = 10.0.40219.1
Project("{9A19103F-16F7-4668-BE54-9A1E7A4F7556}") = "Orçamento-Flores", "Orçamento-Flores\Orçamento-Flores.csproj", "{03EF6270-2DAB-43AB-9862-08435041A5FC}"
EndProject
Project("{9A19103F-16F7-4668-BE54-9A1E7A4F7556}") = "LBD.Core", "..\Core\LBD.Core\LBD.Core.csproj", "{5650256D-8425-4FC3-BA91-44C8A7FF3842}"
EndProject
Project("{9A19103F-16F7-4668-BE54-9A1E7A4F7556}") = "LBD.Utils", "..\Core\LBD.Utils\LBD.Utils.csproj", "{AEC11F3E-3016-4529-993D-E2DFC6E0F536}"
EndProject
Project("{9A19103F-16F7-4668-BE54-9A1E7A4F7556}") = "LBD.Pedidos", "..\Pedidos\Pedidos\LBD.Pedidos.csproj", "{C3DE97A0-8E5D-4030-ADD7-9D55C05F9C8F}"
EndProject
Global
	GlobalSection(SolutionConfigurationPlatforms) = preSolution
		Debug|Any CPU = Debug|Any CPU
		Release|Any CPU = Release|Any CPU
	EndGlobalSection
	GlobalSection(ProjectConfigurationPlatforms) = postSolution
		{03EF6270-2DAB-43AB-9862-08435041A5FC}.Debug|Any CPU.ActiveCfg = Debug|Any CPU
		{03EF6270-2DAB-43AB-9862-08435041A5FC}.Debug|Any CPU.Build.0 = Debug|Any CPU
		{03EF6270-2DAB-43AB-9862-08435041A5FC}.Release|Any CPU.ActiveCfg = Release|Any CPU
		{03EF6270-2DAB-43AB-9862-08435041A5FC}.Release|Any CPU.Build.0 = Release|Any CPU
		{5650256D-8425-4FC3-BA91-44C8A7FF3842}.Debug|Any CPU.ActiveCfg = Debug|Any CPU
		{5650256D-8425-4FC3-BA91-44C8A7FF3842}.Debug|Any CPU.Build.0 = Debug|Any CPU
		{5650256D-8425-4FC3-BA91-44C8A7FF3842}.Release|Any CPU.ActiveCfg = Release|Any CPU
		{5650256D-8425-4FC3-BA91-44C8A7FF3842}.Release|Any CPU.Build.0 = Release|Any CPU
		{AEC11F3E-3016-4529-993D-E2DFC6E0F536}.Debug|Any CPU.ActiveCfg = Debug|Any CPU
		{AEC11F3E-3016-4529-993D-E2DFC6E0F536}.Debug|Any CPU.Build.0 = Debug|Any CPU
		{AEC11F3E-3016-4529-993D-E2DFC6E0F536}.Release|Any CPU.ActiveCfg = Release|Any CPU
		{AEC11F3E-3016-4529-993D-E2DFC6E0F536}.Release|Any CPU.Build.0 = Release|Any CPU
		{C3DE97A0-8E5D-4030-ADD7-9D55C05F9C8F}.Debug|Any CPU.ActiveCfg = Debug|Any CPU
		{C3DE97A0-8E5D-4030-ADD7-9D55C05F9C8F}.Debug|Any CPU.Build.0 = Debug|Any CPU
		{C3DE97A0-8E5D-4030-ADD7-9D55C05F9C8F}.Release|Any CPU.ActiveCfg = Release|Any CPU
		{C3DE97A0-8E5D-4030-ADD7-9D55C05F9C8F}.Release|Any CPU.Build.0 = Release|Any CPU
	EndGlobalSection
	GlobalSection(SolutionProperties) = preSolution
		HideSolutionNode = FALSE
	EndGlobalSection
	GlobalSection(ExtensibilityGlobals) = postSolution
		SolutionGuid = {D29A148A-150D-47EE-9891-9009BCA2A188}
	EndGlobalSection
EndGlobal
